
Microsoft Visual Studio Solution File, Format Version 12.00
# Visual Studio Version 17
VisualStudioVersion = 17.4.33403.182
MinimumVisualStudioVersion = 10.0.40219.1
Project("{9A19103F-16F7-4668-BE54-9A1E7A4F7556}") = "Grid1", "Grid1\Grid1.csproj", "{0A3A97B9-9A63-4006-A4D1-A9B3DDF2ADD5}"
EndProject
Project("{9A19103F-16F7-4668-BE54-9A1E7A4F7556}") = "Grid2", "Grid2\Grid2.csproj", "{6E8E54BD-8A01-4E06-A989-BD5F89FD19FC}"
EndProject
Project("{9A19103F-16F7-4668-BE54-9A1E7A4F7556}") = "Grid3", "Grid3\Grid3.csproj", "{D656D200-7D39-44A9-B1D2-FB1D40BABEFB}"
EndProject
Project("{2150E333-8FDC-42A3-9474-1A3956D46DE8}") = "Solution Items", "Solution Items", "{C02580AB-94A3-4B7A-932C-B372E7B3A575}"
	ProjectSection(SolutionItems) = preProject
		README.md = README.md
	EndProjectSection
EndProject
Project("{9A19103F-16F7-4668-BE54-9A1E7A4F7556}") = "StackWrap1", "StackWrap1\StackWrap1.csproj", "{E2E1105C-D70D-42F2-854B-E3E7DC5330B1}"
EndProject
Project("{9A19103F-16F7-4668-BE54-9A1E7A4F7556}") = "Canvas1", "Canvas1\Canvas1.csproj", "{F34AD422-A86C-4C5B-B0D9-5C49E657397F}"
EndProject
Project("{FAE04EC0-301F-11D3-BF4B-00C04F79EFBC}") = "Dock1", "Dock1\Dock1.csproj", "{AB1B1198-046F-42DC-B59D-A750B9E3029A}"
EndProject
Global
	GlobalSection(SolutionConfigurationPlatforms) = preSolution
		Debug|Any CPU = Debug|Any CPU
		Release|Any CPU = Release|Any CPU
	EndGlobalSection
	GlobalSection(ProjectConfigurationPlatforms) = postSolution
		{0A3A97B9-9A63-4006-A4D1-A9B3DDF2ADD5}.Debug|Any CPU.ActiveCfg = Debug|Any CPU
		{0A3A97B9-9A63-4006-A4D1-A9B3DDF2ADD5}.Debug|Any CPU.Build.0 = Debug|Any CPU
		{0A3A97B9-9A63-4006-A4D1-A9B3DDF2ADD5}.Release|Any CPU.ActiveCfg = Release|Any CPU
		{0A3A97B9-9A63-4006-A4D1-A9B3DDF2ADD5}.Release|Any CPU.Build.0 = Release|Any CPU
		{6E8E54BD-8A01-4E06-A989-BD5F89FD19FC}.Debug|Any CPU.ActiveCfg = Debug|Any CPU
		{6E8E54BD-8A01-4E06-A989-BD5F89FD19FC}.Debug|Any CPU.Build.0 = Debug|Any CPU
		{6E8E54BD-8A01-4E06-A989-BD5F89FD19FC}.Release|Any CPU.ActiveCfg = Release|Any CPU
		{6E8E54BD-8A01-4E06-A989-BD5F89FD19FC}.Release|Any CPU.Build.0 = Release|Any CPU
		{D656D200-7D39-44A9-B1D2-FB1D40BABEFB}.Debug|Any CPU.ActiveCfg = Debug|Any CPU
		{D656D200-7D39-44A9-B1D2-FB1D40BABEFB}.Debug|Any CPU.Build.0 = Debug|Any CPU
		{D656D200-7D39-44A9-B1D2-FB1D40BABEFB}.Release|Any CPU.ActiveCfg = Release|Any CPU
		{D656D200-7D39-44A9-B1D2-FB1D40BABEFB}.Release|Any CPU.Build.0 = Release|Any CPU
		{E2E1105C-D70D-42F2-854B-E3E7DC5330B1}.Debug|Any CPU.ActiveCfg = Debug|Any CPU
		{E2E1105C-D70D-42F2-854B-E3E7DC5330B1}.Debug|Any CPU.Build.0 = Debug|Any CPU
		{E2E1105C-D70D-42F2-854B-E3E7DC5330B1}.Release|Any CPU.ActiveCfg = Release|Any CPU
		{E2E1105C-D70D-42F2-854B-E3E7DC5330B1}.Release|Any CPU.Build.0 = Release|Any CPU
		{F34AD422-A86C-4C5B-B0D9-5C49E657397F}.Debug|Any CPU.ActiveCfg = Debug|Any CPU
		{F34AD422-A86C-4C5B-B0D9-5C49E657397F}.Debug|Any CPU.Build.0 = Debug|Any CPU
		{F34AD422-A86C-4C5B-B0D9-5C49E657397F}.Release|Any CPU.ActiveCfg = Release|Any CPU
		{F34AD422-A86C-4C5B-B0D9-5C49E657397F}.Release|Any CPU.Build.0 = Release|Any CPU
		{AB1B1198-046F-42DC-B59D-A750B9E3029A}.Debug|Any CPU.ActiveCfg = Debug|Any CPU
		{AB1B1198-046F-42DC-B59D-A750B9E3029A}.Debug|Any CPU.Build.0 = Debug|Any CPU
		{AB1B1198-046F-42DC-B59D-A750B9E3029A}.Release|Any CPU.ActiveCfg = Release|Any CPU
		{AB1B1198-046F-42DC-B59D-A750B9E3029A}.Release|Any CPU.Build.0 = Release|Any CPU
	EndGlobalSection
	GlobalSection(SolutionProperties) = preSolution
		HideSolutionNode = FALSE
	EndGlobalSection
	GlobalSection(ExtensibilityGlobals) = postSolution
		SolutionGuid = {2F2C6C7C-CCB5-403F-8AB0-F910DB94AF9B}
	EndGlobalSection
EndGlobal
