
Microsoft Visual Studio Solution File, Format Version 12.00
# Visual Studio Version 17
VisualStudioVersion = 17.4.33403.182
MinimumVisualStudioVersion = 10.0.40219.1
Project("{9A19103F-16F7-4668-BE54-9A1E7A4F7556}") = "Grid1", "Grid1\Grid1.csproj", "{0A3A97B9-9A63-4006-A4D1-A9B3DDF2ADD5}"
EndProject
Project("{2150E333-8FDC-42A3-9474-1A3956D46DE8}") = "Öğrenenler için", "Öğrenenler için", "{60C10FE6-A3DC-45AC-BDA2-86AB8FEF08D4}"
	ProjectSection(SolutionItems) = preProject
		Öğrenenler için\WPF ile Görsel Programlamaya Giriş.pdf = Öğrenenler için\WPF ile Görsel Programlamaya Giriş.pdf
	EndProjectSection
EndProject
Project("{9A19103F-16F7-4668-BE54-9A1E7A4F7556}") = "Grid2", "Grid2\Grid2.csproj", "{6E8E54BD-8A01-4E06-A989-BD5F89FD19FC}"
EndProject
Project("{FAE04EC0-301F-11D3-BF4B-00C04F79EFBC}") = "Grid3", "Grid3\Grid3.csproj", "{D656D200-7D39-44A9-B1D2-FB1D40BABEFB}"
EndProject
Global
	GlobalSection(SolutionConfigurationPlatforms) = preSolution
		Debug|Any CPU = Debug|Any CPU
		Release|Any CPU = Release|Any CPU
	EndGlobalSection
	GlobalSection(ProjectConfigurationPlatforms) = postSolution
		{0A3A97B9-9A63-4006-A4D1-A9B3DDF2ADD5}.Debug|Any CPU.ActiveCfg = Debug|Any CPU
		{0A3A97B9-9A63-4006-A4D1-A9B3DDF2ADD5}.Debug|Any CPU.Build.0 = Debug|Any CPU
		{0A3A97B9-9A63-4006-A4D1-A9B3DDF2ADD5}.Release|Any CPU.ActiveCfg = Release|Any CPU
		{0A3A97B9-9A63-4006-A4D1-A9B3DDF2ADD5}.Release|Any CPU.Build.0 = Release|Any CPU
		{6E8E54BD-8A01-4E06-A989-BD5F89FD19FC}.Debug|Any CPU.ActiveCfg = Debug|Any CPU
		{6E8E54BD-8A01-4E06-A989-BD5F89FD19FC}.Debug|Any CPU.Build.0 = Debug|Any CPU
		{6E8E54BD-8A01-4E06-A989-BD5F89FD19FC}.Release|Any CPU.ActiveCfg = Release|Any CPU
		{6E8E54BD-8A01-4E06-A989-BD5F89FD19FC}.Release|Any CPU.Build.0 = Release|Any CPU
		{D656D200-7D39-44A9-B1D2-FB1D40BABEFB}.Debug|Any CPU.ActiveCfg = Debug|Any CPU
		{D656D200-7D39-44A9-B1D2-FB1D40BABEFB}.Debug|Any CPU.Build.0 = Debug|Any CPU
		{D656D200-7D39-44A9-B1D2-FB1D40BABEFB}.Release|Any CPU.ActiveCfg = Release|Any CPU
		{D656D200-7D39-44A9-B1D2-FB1D40BABEFB}.Release|Any CPU.Build.0 = Release|Any CPU
	EndGlobalSection
	GlobalSection(SolutionProperties) = preSolution
		HideSolutionNode = FALSE
	EndGlobalSection
	GlobalSection(ExtensibilityGlobals) = postSolution
		SolutionGuid = {2F2C6C7C-CCB5-403F-8AB0-F910DB94AF9B}
	EndGlobalSection
EndGlobal
